// !$*UTF8*$!
{
	archiveVersion = 1;
	classes = {
	};
	objectVersion = 46;
	objects = {

/* Begin PBXBuildFile section */
		837AB70F1A8E511700B86214 /* MobileCoreServices.framework in Frameworks */ = {isa = PBXBuildFile; fileRef = 837AB70E1A8E511700B86214 /* MobileCoreServices.framework */; };
		83C044251BC2CD7E00B04303 /* ZendeskProviderSDK.framework in Frameworks */ = {isa = PBXBuildFile; fileRef = 83C044241BC2CD7E00B04303 /* ZendeskProviderSDK.framework */; };
		83D3E9A01AA9EF36006DB98C /* ZDSampleAppScanViewController.m in Sources */ = {isa = PBXBuildFile; fileRef = 83D3E99F1AA9EF36006DB98C /* ZDSampleAppScanViewController.m */; };
		973AF0231BA1C40B00CF244C /* ZDFlatArticlesTableViewController.m in Sources */ = {isa = PBXBuildFile; fileRef = 973AF0221BA1C40B00CF244C /* ZDFlatArticlesTableViewController.m */; };
		C333A54319E29F1E0046B858 /* SystemConfiguration.framework in Frameworks */ = {isa = PBXBuildFile; fileRef = C333A54119E29EC40046B858 /* SystemConfiguration.framework */; };
		C38311B61A1A352B00F7979A /* main.m in Sources */ = {isa = PBXBuildFile; fileRef = C38311B31A1A352B00F7979A /* main.m */; };
		C38311C31A1A358500F7979A /* ZDAppDelegate.m in Sources */ = {isa = PBXBuildFile; fileRef = C38311BE1A1A358500F7979A /* ZDAppDelegate.m */; };
		C38311C41A1A358500F7979A /* ZDSampleAppConfigurationViewController.m in Sources */ = {isa = PBXBuildFile; fileRef = C38311C01A1A358500F7979A /* ZDSampleAppConfigurationViewController.m */; };
		C38311C51A1A358500F7979A /* ZDSampleViewController.m in Sources */ = {isa = PBXBuildFile; fileRef = C38311C21A1A358500F7979A /* ZDSampleViewController.m */; };
		C3A2C8A11ABAD575006EA3E7 /* NSData+ZDKSampleApp.m in Sources */ = {isa = PBXBuildFile; fileRef = C3A2C8A01ABAD575006EA3E7 /* NSData+ZDKSampleApp.m */; };
		C3EF3EF61A1A1B1900168A69 /* ZDRateMyAppDemoViewController.m in Sources */ = {isa = PBXBuildFile; fileRef = C3EF3EF31A1A1B1900168A69 /* ZDRateMyAppDemoViewController.m */; };
		C3EF3EFB1A1A1B3700168A69 /* ZendeskSDK.bundle in Resources */ = {isa = PBXBuildFile; fileRef = C3EF3EF91A1A1B3700168A69 /* ZendeskSDK.bundle */; };
		C3EF3EFC1A1A1B3700168A69 /* ZendeskSDKStrings.bundle in Resources */ = {isa = PBXBuildFile; fileRef = C3EF3EFA1A1A1B3700168A69 /* ZendeskSDKStrings.bundle */; };
		C3EF3EFE1A1A1B5400168A69 /* ZendeskSDK.framework in Frameworks */ = {isa = PBXBuildFile; fileRef = C3EF3EFD1A1A1B5400168A69 /* ZendeskSDK.framework */; };
		C3EF3F011A1A1B7C00168A69 /* Images.xcassets in Resources */ = {isa = PBXBuildFile; fileRef = C3EF3F001A1A1B7C00168A69 /* Images.xcassets */; };
		F160B6D21949E2D600AEF42D /* Foundation.framework in Frameworks */ = {isa = PBXBuildFile; fileRef = F160B6D11949E2D600AEF42D /* Foundation.framework */; };
		F160B6D41949E2D600AEF42D /* CoreGraphics.framework in Frameworks */ = {isa = PBXBuildFile; fileRef = F160B6D31949E2D600AEF42D /* CoreGraphics.framework */; };
		F160B6D61949E2D600AEF42D /* UIKit.framework in Frameworks */ = {isa = PBXBuildFile; fileRef = F160B6D51949E2D600AEF42D /* UIKit.framework */; };
/* End PBXBuildFile section */

/* Begin PBXFileReference section */
		837AB70E1A8E511700B86214 /* MobileCoreServices.framework */ = {isa = PBXFileReference; lastKnownFileType = wrapper.framework; name = MobileCoreServices.framework; path = System/Library/Frameworks/MobileCoreServices.framework; sourceTree = SDKROOT; };
		83C044241BC2CD7E00B04303 /* ZendeskProviderSDK.framework */ = {isa = PBXFileReference; lastKnownFileType = wrapper.framework; name = ZendeskProviderSDK.framework; path = SampleApp/Frameworks/ZendeskProviderSDK.framework; sourceTree = "<group>"; };
		83D3E99E1AA9EF36006DB98C /* ZDSampleAppScanViewController.h */ = {isa = PBXFileReference; fileEncoding = 4; lastKnownFileType = sourcecode.c.h; name = ZDSampleAppScanViewController.h; path = SampleApp/ZDSampleAppScanViewController.h; sourceTree = "<group>"; };
		83D3E99F1AA9EF36006DB98C /* ZDSampleAppScanViewController.m */ = {isa = PBXFileReference; fileEncoding = 4; lastKnownFileType = sourcecode.c.objc; name = ZDSampleAppScanViewController.m; path = SampleApp/ZDSampleAppScanViewController.m; sourceTree = "<group>"; };
		973AF0211BA1C40B00CF244C /* ZDFlatArticlesTableViewController.h */ = {isa = PBXFileReference; fileEncoding = 4; lastKnownFileType = sourcecode.c.h; name = ZDFlatArticlesTableViewController.h; path = SampleApp/ZDFlatArticlesTableViewController.h; sourceTree = "<group>"; };
		973AF0221BA1C40B00CF244C /* ZDFlatArticlesTableViewController.m */ = {isa = PBXFileReference; fileEncoding = 4; lastKnownFileType = sourcecode.c.objc; name = ZDFlatArticlesTableViewController.m; path = SampleApp/ZDFlatArticlesTableViewController.m; sourceTree = "<group>"; };
		C333A54119E29EC40046B858 /* SystemConfiguration.framework */ = {isa = PBXFileReference; lastKnownFileType = wrapper.framework; name = SystemConfiguration.framework; path = System/Library/Frameworks/SystemConfiguration.framework; sourceTree = SDKROOT; };
		C38311B31A1A352B00F7979A /* main.m */ = {isa = PBXFileReference; fileEncoding = 4; lastKnownFileType = sourcecode.c.objc; name = main.m; path = SampleApp/main.m; sourceTree = "<group>"; };
		C38311B41A1A352B00F7979A /* SampleApp-Info.plist */ = {isa = PBXFileReference; fileEncoding = 4; lastKnownFileType = text.plist.xml; name = "SampleApp-Info.plist"; path = "SampleApp/SampleApp-Info.plist"; sourceTree = "<group>"; };
		C38311B51A1A352B00F7979A /* SampleApp-Prefix.pch */ = {isa = PBXFileReference; fileEncoding = 4; lastKnownFileType = sourcecode.c.h; name = "SampleApp-Prefix.pch"; path = "SampleApp/SampleApp-Prefix.pch"; sourceTree = "<group>"; };
		C38311BD1A1A358500F7979A /* ZDAppDelegate.h */ = {isa = PBXFileReference; fileEncoding = 4; lastKnownFileType = sourcecode.c.h; name = ZDAppDelegate.h; path = SampleApp/ZDAppDelegate.h; sourceTree = "<group>"; };
		C38311BE1A1A358500F7979A /* ZDAppDelegate.m */ = {isa = PBXFileReference; fileEncoding = 4; lastKnownFileType = sourcecode.c.objc; name = ZDAppDelegate.m; path = SampleApp/ZDAppDelegate.m; sourceTree = "<group>"; };
		C38311BF1A1A358500F7979A /* ZDSampleAppConfigurationViewController.h */ = {isa = PBXFileReference; fileEncoding = 4; lastKnownFileType = sourcecode.c.h; name = ZDSampleAppConfigurationViewController.h; path = SampleApp/ZDSampleAppConfigurationViewController.h; sourceTree = "<group>"; };
		C38311C01A1A358500F7979A /* ZDSampleAppConfigurationViewController.m */ = {isa = PBXFileReference; fileEncoding = 4; lastKnownFileType = sourcecode.c.objc; name = ZDSampleAppConfigurationViewController.m; path = SampleApp/ZDSampleAppConfigurationViewController.m; sourceTree = "<group>"; };
		C38311C11A1A358500F7979A /* ZDSampleViewController.h */ = {isa = PBXFileReference; fileEncoding = 4; lastKnownFileType = sourcecode.c.h; name = ZDSampleViewController.h; path = SampleApp/ZDSampleViewController.h; sourceTree = "<group>"; };
		C38311C21A1A358500F7979A /* ZDSampleViewController.m */ = {isa = PBXFileReference; fileEncoding = 4; lastKnownFileType = sourcecode.c.objc; name = ZDSampleViewController.m; path = SampleApp/ZDSampleViewController.m; sourceTree = "<group>"; };
		C3A2C89F1ABAD575006EA3E7 /* NSData+ZDKSampleApp.h */ = {isa = PBXFileReference; fileEncoding = 4; lastKnownFileType = sourcecode.c.h; name = "NSData+ZDKSampleApp.h"; path = "SampleApp/NSData+ZDKSampleApp.h"; sourceTree = "<group>"; };
		C3A2C8A01ABAD575006EA3E7 /* NSData+ZDKSampleApp.m */ = {isa = PBXFileReference; fileEncoding = 4; lastKnownFileType = sourcecode.c.objc; name = "NSData+ZDKSampleApp.m"; path = "SampleApp/NSData+ZDKSampleApp.m"; sourceTree = "<group>"; };
		C3EF3EF21A1A1B1900168A69 /* ZDRateMyAppDemoViewController.h */ = {isa = PBXFileReference; fileEncoding = 4; lastKnownFileType = sourcecode.c.h; path = ZDRateMyAppDemoViewController.h; sourceTree = "<group>"; };
		C3EF3EF31A1A1B1900168A69 /* ZDRateMyAppDemoViewController.m */ = {isa = PBXFileReference; fileEncoding = 4; lastKnownFileType = sourcecode.c.objc; path = ZDRateMyAppDemoViewController.m; sourceTree = "<group>"; };
		C3EF3EF91A1A1B3700168A69 /* ZendeskSDK.bundle */ = {isa = PBXFileReference; lastKnownFileType = "wrapper.plug-in"; path = ZendeskSDK.bundle; sourceTree = "<group>"; };
		C3EF3EFA1A1A1B3700168A69 /* ZendeskSDKStrings.bundle */ = {isa = PBXFileReference; lastKnownFileType = "wrapper.plug-in"; path = ZendeskSDKStrings.bundle; sourceTree = "<group>"; };
		C3EF3EFD1A1A1B5400168A69 /* ZendeskSDK.framework */ = {isa = PBXFileReference; lastKnownFileType = wrapper.framework; name = ZendeskSDK.framework; path = SampleApp/Frameworks/ZendeskSDK.framework; sourceTree = "<group>"; };
		C3EF3F001A1A1B7C00168A69 /* Images.xcassets */ = {isa = PBXFileReference; lastKnownFileType = folder.assetcatalog; path = Images.xcassets; sourceTree = "<group>"; };
		F160B6CE1949E2D600AEF42D /* SDK-Sample.app */ = {isa = PBXFileReference; explicitFileType = wrapper.application; includeInIndex = 0; path = "SDK-Sample.app"; sourceTree = BUILT_PRODUCTS_DIR; };
		F160B6D11949E2D600AEF42D /* Foundation.framework */ = {isa = PBXFileReference; lastKnownFileType = wrapper.framework; name = Foundation.framework; path = System/Library/Frameworks/Foundation.framework; sourceTree = SDKROOT; };
		F160B6D31949E2D600AEF42D /* CoreGraphics.framework */ = {isa = PBXFileReference; lastKnownFileType = wrapper.framework; name = CoreGraphics.framework; path = System/Library/Frameworks/CoreGraphics.framework; sourceTree = SDKROOT; };
		F160B6D51949E2D600AEF42D /* UIKit.framework */ = {isa = PBXFileReference; lastKnownFileType = wrapper.framework; name = UIKit.framework; path = System/Library/Frameworks/UIKit.framework; sourceTree = SDKROOT; };
		F160B6EA1949E2D600AEF42D /* XCTest.framework */ = {isa = PBXFileReference; lastKnownFileType = wrapper.framework; name = XCTest.framework; path = Library/Frameworks/XCTest.framework; sourceTree = DEVELOPER_DIR; };
/* End PBXFileReference section */

/* Begin PBXFrameworksBuildPhase section */
		F160B6CB1949E2D600AEF42D /* Frameworks */ = {
			isa = PBXFrameworksBuildPhase;
			buildActionMask = 2147483647;
			files = (
				83C044251BC2CD7E00B04303 /* ZendeskProviderSDK.framework in Frameworks */,
				837AB70F1A8E511700B86214 /* MobileCoreServices.framework in Frameworks */,
				C3EF3EFE1A1A1B5400168A69 /* ZendeskSDK.framework in Frameworks */,
				C333A54319E29F1E0046B858 /* SystemConfiguration.framework in Frameworks */,
				F160B6D41949E2D600AEF42D /* CoreGraphics.framework in Frameworks */,
				F160B6D61949E2D600AEF42D /* UIKit.framework in Frameworks */,
				F160B6D21949E2D600AEF42D /* Foundation.framework in Frameworks */,
			);
			runOnlyForDeploymentPostprocessing = 0;
		};
/* End PBXFrameworksBuildPhase section */

/* Begin PBXGroup section */
		C38311BB1A1A353200F7979A /* Supporting Files */ = {
			isa = PBXGroup;
			children = (
				C38311B31A1A352B00F7979A /* main.m */,
				C38311B41A1A352B00F7979A /* SampleApp-Info.plist */,
				C38311B51A1A352B00F7979A /* SampleApp-Prefix.pch */,
			);
			name = "Supporting Files";
			sourceTree = "<group>";
		};
		C38311BC1A1A356400F7979A /* SampleApp */ = {
			isa = PBXGroup;
			children = (
				C3EF3EF11A1A1B1900168A69 /* RateMyApp */,
				C3EF3EFF1A1A1B7C00168A69 /* Resources */,
				C38311BB1A1A353200F7979A /* Supporting Files */,
				C3A2C8A51ABAD58E006EA3E7 /* Categories */,
				C38311BD1A1A358500F7979A /* ZDAppDelegate.h */,
				C38311BE1A1A358500F7979A /* ZDAppDelegate.m */,
				C38311BF1A1A358500F7979A /* ZDSampleAppConfigurationViewController.h */,
				C38311C01A1A358500F7979A /* ZDSampleAppConfigurationViewController.m */,
				C38311C11A1A358500F7979A /* ZDSampleViewController.h */,
				C38311C21A1A358500F7979A /* ZDSampleViewController.m */,
				83D3E99E1AA9EF36006DB98C /* ZDSampleAppScanViewController.h */,
				83D3E99F1AA9EF36006DB98C /* ZDSampleAppScanViewController.m */,
				973AF0211BA1C40B00CF244C /* ZDFlatArticlesTableViewController.h */,
				973AF0221BA1C40B00CF244C /* ZDFlatArticlesTableViewController.m */,
			);
			name = SampleApp;
			sourceTree = "<group>";
		};
		C3A2C8A51ABAD58E006EA3E7 /* Categories */ = {
			isa = PBXGroup;
			children = (
				C3A2C89F1ABAD575006EA3E7 /* NSData+ZDKSampleApp.h */,
				C3A2C8A01ABAD575006EA3E7 /* NSData+ZDKSampleApp.m */,
			);
			name = Categories;
			sourceTree = "<group>";
		};
		C3EF3EF11A1A1B1900168A69 /* RateMyApp */ = {
			isa = PBXGroup;
			children = (
				C3EF3EF21A1A1B1900168A69 /* ZDRateMyAppDemoViewController.h */,
				C3EF3EF31A1A1B1900168A69 /* ZDRateMyAppDemoViewController.m */,
			);
			name = RateMyApp;
			path = SampleApp/RateMyApp;
			sourceTree = "<group>";
		};
		C3EF3EF81A1A1B3700168A69 /* Bundles */ = {
			isa = PBXGroup;
			children = (
				C3EF3EF91A1A1B3700168A69 /* ZendeskSDK.bundle */,
				C3EF3EFA1A1A1B3700168A69 /* ZendeskSDKStrings.bundle */,
			);
			name = Bundles;
			path = SampleApp/Bundles;
			sourceTree = "<group>";
		};
		C3EF3EFF1A1A1B7C00168A69 /* Resources */ = {
			isa = PBXGroup;
			children = (
				C3EF3F001A1A1B7C00168A69 /* Images.xcassets */,
			);
			name = Resources;
			path = SampleApp/Resources;
			sourceTree = "<group>";
		};
		F160B6C51949E2D600AEF42D = {
			isa = PBXGroup;
			children = (
				C38311BC1A1A356400F7979A /* SampleApp */,
				F160B6D01949E2D600AEF42D /* Frameworks */,
				C3EF3EF81A1A1B3700168A69 /* Bundles */,
				F160B6CF1949E2D600AEF42D /* Products */,
			);
			sourceTree = "<group>";
		};
		F160B6CF1949E2D600AEF42D /* Products */ = {
			isa = PBXGroup;
			children = (
				F160B6CE1949E2D600AEF42D /* SDK-Sample.app */,
			);
			name = Products;
			sourceTree = "<group>";
		};
		F160B6D01949E2D600AEF42D /* Frameworks */ = {
			isa = PBXGroup;
			children = (
				83C044241BC2CD7E00B04303 /* ZendeskProviderSDK.framework */,
				837AB70E1A8E511700B86214 /* MobileCoreServices.framework */,
				C3EF3EFD1A1A1B5400168A69 /* ZendeskSDK.framework */,
				C333A54119E29EC40046B858 /* SystemConfiguration.framework */,
				F160B6D11949E2D600AEF42D /* Foundation.framework */,
				F160B6D31949E2D600AEF42D /* CoreGraphics.framework */,
				F160B6D51949E2D600AEF42D /* UIKit.framework */,
				F160B6EA1949E2D600AEF42D /* XCTest.framework */,
			);
			name = Frameworks;
			sourceTree = "<group>";
		};
/* End PBXGroup section */

/* Begin PBXNativeTarget section */
		F160B6CD1949E2D600AEF42D /* SDK-Sample */ = {
			isa = PBXNativeTarget;
			buildConfigurationList = F160B6FA1949E2D600AEF42D /* Build configuration list for PBXNativeTarget "SDK-Sample" */;
			buildPhases = (
				F160B6CA1949E2D600AEF42D /* Sources */,
				F160B6CB1949E2D600AEF42D /* Frameworks */,
				F160B6CC1949E2D600AEF42D /* Resources */,
			);
			buildRules = (
			);
			dependencies = (
			);
			name = "SDK-Sample";
			productName = CoreSDKSample;
			productReference = F160B6CE1949E2D600AEF42D /* SDK-Sample.app */;
			productType = "com.apple.product-type.application";
		};
/* End PBXNativeTarget section */

/* Begin PBXProject section */
		F160B6C61949E2D600AEF42D /* Project object */ = {
			isa = PBXProject;
			attributes = {
				LastUpgradeCheck = 0700;
				ORGANIZATIONNAME = Zendesk;
				TargetAttributes = {
					F160B6CD1949E2D600AEF42D = {
						DevelopmentTeam = 7529UAQB93;
						SystemCapabilities = {
							com.apple.BackgroundModes = {
								enabled = 1;
							};
							com.apple.GameCenter = {
								enabled = 0;
							};
							com.apple.InAppPurchase = {
								enabled = 0;
							};
							com.apple.Push = {
								enabled = 1;
							};
						};
					};
				};
			};
			buildConfigurationList = F160B6C91949E2D600AEF42D /* Build configuration list for PBXProject "SampleApp" */;
			compatibilityVersion = "Xcode 3.2";
			developmentRegion = English;
			hasScannedForEncodings = 0;
			knownRegions = (
				en,
			);
			mainGroup = F160B6C51949E2D600AEF42D;
			productRefGroup = F160B6CF1949E2D600AEF42D /* Products */;
			projectDirPath = "";
			projectRoot = "";
			targets = (
				F160B6CD1949E2D600AEF42D /* SDK-Sample */,
			);
		};
/* End PBXProject section */

/* Begin PBXResourcesBuildPhase section */
		F160B6CC1949E2D600AEF42D /* Resources */ = {
			isa = PBXResourcesBuildPhase;
			buildActionMask = 2147483647;
			files = (
				C3EF3EFC1A1A1B3700168A69 /* ZendeskSDKStrings.bundle in Resources */,
				C3EF3F011A1A1B7C00168A69 /* Images.xcassets in Resources */,
				C3EF3EFB1A1A1B3700168A69 /* ZendeskSDK.bundle in Resources */,
			);
			runOnlyForDeploymentPostprocessing = 0;
		};
/* End PBXResourcesBuildPhase section */

/* Begin PBXSourcesBuildPhase section */
		F160B6CA1949E2D600AEF42D /* Sources */ = {
			isa = PBXSourcesBuildPhase;
			buildActionMask = 2147483647;
			files = (
				C38311C51A1A358500F7979A /* ZDSampleViewController.m in Sources */,
				973AF0231BA1C40B00CF244C /* ZDFlatArticlesTableViewController.m in Sources */,
				83D3E9A01AA9EF36006DB98C /* ZDSampleAppScanViewController.m in Sources */,
				C38311C31A1A358500F7979A /* ZDAppDelegate.m in Sources */,
				C3A2C8A11ABAD575006EA3E7 /* NSData+ZDKSampleApp.m in Sources */,
				C38311C41A1A358500F7979A /* ZDSampleAppConfigurationViewController.m in Sources */,
				C38311B61A1A352B00F7979A /* main.m in Sources */,
				C3EF3EF61A1A1B1900168A69 /* ZDRateMyAppDemoViewController.m in Sources */,
			);
			runOnlyForDeploymentPostprocessing = 0;
		};
/* End PBXSourcesBuildPhase section */

/* Begin XCBuildConfiguration section */
		F160B6F81949E2D600AEF42D /* Debug */ = {
			isa = XCBuildConfiguration;
			buildSettings = {
				ALWAYS_SEARCH_USER_PATHS = NO;
				CLANG_CXX_LANGUAGE_STANDARD = "gnu++0x";
				CLANG_CXX_LIBRARY = "libc++";
				CLANG_ENABLE_MODULES = YES;
				CLANG_ENABLE_OBJC_ARC = YES;
				CLANG_WARN_BOOL_CONVERSION = YES;
				CLANG_WARN_CONSTANT_CONVERSION = YES;
				CLANG_WARN_DIRECT_OBJC_ISA_USAGE = YES_ERROR;
				CLANG_WARN_EMPTY_BODY = YES;
				CLANG_WARN_ENUM_CONVERSION = YES;
				CLANG_WARN_INT_CONVERSION = YES;
				CLANG_WARN_OBJC_ROOT_CLASS = YES_ERROR;
				CLANG_WARN__DUPLICATE_METHOD_MATCH = YES;
				"CODE_SIGN_IDENTITY[sdk=iphoneos*]" = "iPhone Developer";
				COPY_PHASE_STRIP = NO;
				ENABLE_TESTABILITY = YES;
				GCC_C_LANGUAGE_STANDARD = gnu99;
				GCC_DYNAMIC_NO_PIC = NO;
				GCC_OPTIMIZATION_LEVEL = 0;
				GCC_PREPROCESSOR_DEFINITIONS = (
					"DEBUG=1",
					"$(inherited)",
				);
				GCC_SYMBOLS_PRIVATE_EXTERN = NO;
				GCC_WARN_64_TO_32_BIT_CONVERSION = YES;
				GCC_WARN_ABOUT_RETURN_TYPE = YES_ERROR;
				GCC_WARN_UNDECLARED_SELECTOR = YES;
				GCC_WARN_UNINITIALIZED_AUTOS = YES_AGGRESSIVE;
				GCC_WARN_UNUSED_FUNCTION = YES;
				GCC_WARN_UNUSED_VARIABLE = YES;
				IPHONEOS_DEPLOYMENT_TARGET = 6.0;
				ONLY_ACTIVE_ARCH = YES;
				OTHER_LDFLAGS = "$(inherited)";
				SDKROOT = iphoneos;
				TARGETED_DEVICE_FAMILY = "1,2";
				VALID_ARCHS = "armv7 armv7s i386";
			};
			name = Debug;
		};
		F160B6F91949E2D600AEF42D /* Release */ = {
			isa = XCBuildConfiguration;
			buildSettings = {
				ALWAYS_SEARCH_USER_PATHS = NO;
				CLANG_CXX_LANGUAGE_STANDARD = "gnu++0x";
				CLANG_CXX_LIBRARY = "libc++";
				CLANG_ENABLE_MODULES = YES;
				CLANG_ENABLE_OBJC_ARC = YES;
				CLANG_WARN_BOOL_CONVERSION = YES;
				CLANG_WARN_CONSTANT_CONVERSION = YES;
				CLANG_WARN_DIRECT_OBJC_ISA_USAGE = YES_ERROR;
				CLANG_WARN_EMPTY_BODY = YES;
				CLANG_WARN_ENUM_CONVERSION = YES;
				CLANG_WARN_INT_CONVERSION = YES;
				CLANG_WARN_OBJC_ROOT_CLASS = YES_ERROR;
				CLANG_WARN__DUPLICATE_METHOD_MATCH = YES;
				"CODE_SIGN_IDENTITY[sdk=iphoneos*]" = "iPhone Developer";
				COPY_PHASE_STRIP = YES;
				ENABLE_NS_ASSERTIONS = NO;
				GCC_C_LANGUAGE_STANDARD = gnu99;
				GCC_WARN_64_TO_32_BIT_CONVERSION = YES;
				GCC_WARN_ABOUT_RETURN_TYPE = YES_ERROR;
				GCC_WARN_UNDECLARED_SELECTOR = YES;
				GCC_WARN_UNINITIALIZED_AUTOS = YES_AGGRESSIVE;
				GCC_WARN_UNUSED_FUNCTION = YES;
				GCC_WARN_UNUSED_VARIABLE = YES;
				IPHONEOS_DEPLOYMENT_TARGET = 6.0;
				OTHER_LDFLAGS = "$(inherited)";
				SDKROOT = iphoneos;
				TARGETED_DEVICE_FAMILY = "1,2";
				VALIDATE_PRODUCT = YES;
				VALID_ARCHS = "armv7 armv7s i386";
			};
			name = Release;
		};
		F160B6FB1949E2D600AEF42D /* Debug */ = {
			isa = XCBuildConfiguration;
			buildSettings = {
				ASSETCATALOG_COMPILER_APPICON_NAME = AppIcon;
				ASSETCATALOG_COMPILER_LAUNCHIMAGE_NAME = LaunchImage;
				CODE_SIGN_IDENTITY = "iPhone Developer";
				CODE_SIGN_RESOURCE_RULES_PATH = "$(SDKROOT)/ResourceRules.plist";
				FRAMEWORK_SEARCH_PATHS = (
					"$(inherited)",
					"$(PROJECT_DIR)/SampleApp/Frameworks",
				);
				GCC_PRECOMPILE_PREFIX_HEADER = YES;
				GCC_PREFIX_HEADER = "SampleApp/SampleApp-Prefix.pch";
				HEADER_SEARCH_PATHS = "$(inherited)";
				INFOPLIST_FILE = "SampleApp/SampleApp-Info.plist";
				IPHONEOS_DEPLOYMENT_TARGET = 6.0;
				LIBRARY_SEARCH_PATHS = "$(inherited)";
				ONLY_ACTIVE_ARCH = YES;
				OTHER_LDFLAGS = "$(inherited)";
				PODS_ROOT = "${SRCROOT}/../Pods";
				PRODUCT_BUNDLE_IDENTIFIER = "com.zendesk.${PRODUCT_NAME:rfc1034identifier}";
				PRODUCT_NAME = "SDK-Sample";
				PROVISIONING_PROFILE = "";
				VALID_ARCHS = "armv7 armv7s i386 arm64 x86_64 ";
				WRAPPER_EXTENSION = app;
			};
			name = Debug;
		};
		F160B6FC1949E2D600AEF42D /* Release */ = {
			isa = XCBuildConfiguration;
			buildSettings = {
				ASSETCATALOG_COMPILER_APPICON_NAME = AppIcon;
				ASSETCATALOG_COMPILER_LAUNCHIMAGE_NAME = LaunchImage;
				CODE_SIGN_IDENTITY = "iPhone Developer";
				"CODE_SIGN_IDENTITY[sdk=iphoneos*]" = "iPhone Distribution: Zendesk Inc";
				CODE_SIGN_RESOURCE_RULES_PATH = "$(SDKROOT)/ResourceRules.plist";
				FRAMEWORK_SEARCH_PATHS = (
					"$(inherited)",
					"$(PROJECT_DIR)/SampleApp/Frameworks",
				);
				GCC_PRECOMPILE_PREFIX_HEADER = YES;
				GCC_PREFIX_HEADER = "SampleApp/SampleApp-Prefix.pch";
				HEADER_SEARCH_PATHS = "$(inherited)";
				INFOPLIST_FILE = "SampleApp/SampleApp-Info.plist";
				IPHONEOS_DEPLOYMENT_TARGET = 6.0;
				LIBRARY_SEARCH_PATHS = "$(inherited)";
				ONLY_ACTIVE_ARCH = NO;
				OTHER_LDFLAGS = "$(inherited)";
				PODS_ROOT = "${SRCROOT}/../Pods";
				PRODUCT_BUNDLE_IDENTIFIER = "com.zendesk.${PRODUCT_NAME:rfc1034identifier}";
				PRODUCT_NAME = "SDK-Sample";
				PROVISIONING_PROFILE = "";
				VALID_ARCHS = "armv7 armv7s i386 arm64 x86_64 ";
				WRAPPER_EXTENSION = app;
			};
			name = Release;
		};
/* End XCBuildConfiguration section */

/* Begin XCConfigurationList section */
		F160B6C91949E2D600AEF42D /* Build configuration list for PBXProject "SampleApp" */ = {
			isa = XCConfigurationList;
			buildConfigurations = (
				F160B6F81949E2D600AEF42D /* Debug */,
				F160B6F91949E2D600AEF42D /* Release */,
			);
			defaultConfigurationIsVisible = 0;
			defaultConfigurationName = Release;
		};
		F160B6FA1949E2D600AEF42D /* Build configuration list for PBXNativeTarget "SDK-Sample" */ = {
			isa = XCConfigurationList;
			buildConfigurations = (
				F160B6FB1949E2D600AEF42D /* Debug */,
				F160B6FC1949E2D600AEF42D /* Release */,
			);
			defaultConfigurationIsVisible = 0;
			defaultConfigurationName = Release;
		};
/* End XCConfigurationList section */
	};
	rootObject = F160B6C61949E2D600AEF42D /* Project object */;
}
